
Microsoft Visual Studio Solution File, Format Version 12.00
# Visual Studio 15
Project("{FAE04EC0-301F-11D3-BF4B-00C04F79EFBC}") = "Assembly-CSharp", "Assembly-CSharp.csproj", "{7F7656C3-6C3C-B00C-915F-39EEDA13F527}"
EndProject
Project("{FAE04EC0-301F-11D3-BF4B-00C04F79EFBC}") = "Assembly-CSharp-Editor", "Assembly-CSharp-Editor.csproj", "{CAB8227E-E184-FC69-14D1-F65F0631B9C3}"
EndProject
Global
	GlobalSection(SolutionConfigurationPlatforms) = preSolution
		Debug|Any CPU = Debug|Any CPU
		Release|Any CPU = Release|Any CPU
	EndGlobalSection
	GlobalSection(ProjectConfigurationPlatforms) = postSolution
		{7F7656C3-6C3C-B00C-915F-39EEDA13F527}.Debug|Any CPU.ActiveCfg = Debug|Any CPU
		{7F7656C3-6C3C-B00C-915F-39EEDA13F527}.Debug|Any CPU.Build.0 = Debug|Any CPU
		{7F7656C3-6C3C-B00C-915F-39EEDA13F527}.Release|Any CPU.ActiveCfg = Release|Any CPU
		{7F7656C3-6C3C-B00C-915F-39EEDA13F527}.Release|Any CPU.Build.0 = Release|Any CPU
		{CAB8227E-E184-FC69-14D1-F65F0631B9C3}.Debug|Any CPU.ActiveCfg = Debug|Any CPU
		{CAB8227E-E184-FC69-14D1-F65F0631B9C3}.Debug|Any CPU.Build.0 = Debug|Any CPU
		{CAB8227E-E184-FC69-14D1-F65F0631B9C3}.Release|Any CPU.ActiveCfg = Release|Any CPU
		{CAB8227E-E184-FC69-14D1-F65F0631B9C3}.Release|Any CPU.Build.0 = Release|Any CPU
	EndGlobalSection
	GlobalSection(SolutionProperties) = preSolution
		HideSolutionNode = FALSE
	EndGlobalSection
EndGlobal
